<?xml version="1.0" encoding="utf-8"?>
<Project ToolsVersion="4.0" xmlns="http://schemas.microsoft.com/developer/msbuild/2003">
  <ItemGroup>
    <ClCompile Include="..\source\dspapi.cpp">
      <Filter>API</Filter>
    </ClCompile>
    <ClCompile Include="..\source\dsptop.c">
      <Filter>Source</Filter>
    </ClCompile>
    <ClCompile Include="..\..\..\audiolib\tcanalysis.c">
      <Filter>Source</Filter>
    </ClCompile>
    <ClCompile Include="..\..\..\audiolib\vsb.c">
      <Filter>Source</Filter>
    </ClCompile>
    <ClCompile Include="..\..\..\audiolib\FBvsb.c">
      <Filter>Source</Filter>
    </ClCompile>
  </ItemGroup>
  <ItemGroup>
    <Filter Include="API">
      <UniqueIdentifier>{708ce54c-4093-46a1-9781-03663f3220c4}</UniqueIdentifier>
    </Filter>
    <Filter Include="Source">
      <UniqueIdentifier>{1ed9cff2-9898-42ab-8941-72d6e35a1f75}</UniqueIdentifier>
    </Filter>
  </ItemGroup>
  <ItemGroup>
    <ClInclude Include="..\source\dsptop.h">
      <Filter>Source</Filter>
    </ClInclude>
    <ClInclude Include="..\..\..\audiolib\tcanalysis.h">
      <Filter>Source</Filter>
    </ClInclude>
    <ClInclude Include="..\..\..\audiolib\vsb.h">
      <Filter>Source</Filter>
    </ClInclude>
    <ClInclude Include="..\..\..\audiolib\FBvsb.h">
      <Filter>Source</Filter>
    </ClInclude>
  </ItemGroup>
</Project>